
Microsoft Visual Studio Solution File, Format Version 12.00
# Visual Studio Version 17
VisualStudioVersion = 17.13.35825.156 d17.13
MinimumVisualStudioVersion = 10.0.40219.1
Project("{FAE04EC0-301F-11D3-BF4B-00C04F79EFBC}") = "Test1", "Test1.csproj", "{D6962F41-9AD7-42D4-9606-8066310926A3}"
EndProject
Global
	GlobalSection(SolutionConfigurationPlatforms) = preSolution
		Debug|Any CPU = Debug|Any CPU
		Release|Any CPU = Release|Any CPU
	EndGlobalSection
	GlobalSection(ProjectConfigurationPlatforms) = postSolution
		{D6962F41-9AD7-42D4-9606-8066310926A3}.Debug|Any CPU.ActiveCfg = Debug|Any CPU
		{D6962F41-9AD7-42D4-9606-8066310926A3}.Debug|Any CPU.Build.0 = Debug|Any CPU
		{D6962F41-9AD7-42D4-9606-8066310926A3}.Release|Any CPU.ActiveCfg = Release|Any CPU
		{D6962F41-9AD7-42D4-9606-8066310926A3}.Release|Any CPU.Build.0 = Release|Any CPU
	EndGlobalSection
	GlobalSection(SolutionProperties) = preSolution
		HideSolutionNode = FALSE
	EndGlobalSection
	GlobalSection(ExtensibilityGlobals) = postSolution
		SolutionGuid = {16CFBCFB-A8D0-4CF3-A865-6F0FD193EA24}
	EndGlobalSection
EndGlobal
